
Microsoft Visual Studio Solution File, Format Version 12.00
# Visual Studio Version 17
VisualStudioVersion = 17.8.34330.188
MinimumVisualStudioVersion = 10.0.40219.1
Project("{FAE04EC0-301F-11D3-BF4B-00C04F79EFBC}") = "CalculadoraExemplo", "CalculadoraExemplo\CalculadoraExemplo.csproj", "{C754F623-3CFA-4DF4-88D0-714C3F5B67D4}"
EndProject
Project("{FAE04EC0-301F-11D3-BF4B-00C04F79EFBC}") = "Calculadora.Tests", "Calculadora.Tests\Calculadora.Tests.csproj", "{6094F25C-7C49-499E-BEC6-A989288D0201}"
EndProject
Global
	GlobalSection(SolutionConfigurationPlatforms) = preSolution
		Debug|Any CPU = Debug|Any CPU
		Release|Any CPU = Release|Any CPU
	EndGlobalSection
	GlobalSection(ProjectConfigurationPlatforms) = postSolution
		{C754F623-3CFA-4DF4-88D0-714C3F5B67D4}.Debug|Any CPU.ActiveCfg = Debug|Any CPU
		{C754F623-3CFA-4DF4-88D0-714C3F5B67D4}.Debug|Any CPU.Build.0 = Debug|Any CPU
		{C754F623-3CFA-4DF4-88D0-714C3F5B67D4}.Release|Any CPU.ActiveCfg = Release|Any CPU
		{C754F623-3CFA-4DF4-88D0-714C3F5B67D4}.Release|Any CPU.Build.0 = Release|Any CPU
		{6094F25C-7C49-499E-BEC6-A989288D0201}.Debug|Any CPU.ActiveCfg = Debug|Any CPU
		{6094F25C-7C49-499E-BEC6-A989288D0201}.Debug|Any CPU.Build.0 = Debug|Any CPU
		{6094F25C-7C49-499E-BEC6-A989288D0201}.Release|Any CPU.ActiveCfg = Release|Any CPU
		{6094F25C-7C49-499E-BEC6-A989288D0201}.Release|Any CPU.Build.0 = Release|Any CPU
	EndGlobalSection
	GlobalSection(SolutionProperties) = preSolution
		HideSolutionNode = FALSE
	EndGlobalSection
	GlobalSection(ExtensibilityGlobals) = postSolution
		SolutionGuid = {2F670F7B-BBE1-4706-ACD7-A1782F75B311}
	EndGlobalSection
EndGlobal
